// !$*UTF8*$!
{
	archiveVersion = 1;
	classes = {
	};
	objectVersion = 56;
	objects = {

/* Begin PBXBuildFile section */
		769FAB262CE1157A00785E3D /* SpacerPaddingExample.swift in Sources */ = {isa = PBXBuildFile; fileRef = 769FAB252CE1157A00785E3D /* SpacerPaddingExample.swift */; };
		769FAB292CE115B700785E3D /* ModifierExample.swift in Sources */ = {isa = PBXBuildFile; fileRef = 769FAB282CE115B700785E3D /* ModifierExample.swift */; };
		76BD46112CE103AB00E215FE /* VStackHStackExample.swift in Sources */ = {isa = PBXBuildFile; fileRef = 76BD46102CE103AB00E215FE /* VStackHStackExample.swift */; };
		76BD46132CE103C300E215FE /* ZStackExample.swift in Sources */ = {isa = PBXBuildFile; fileRef = 76BD46122CE103C300E215FE /* ZStackExample.swift */; };
		76BD461B2CE10C9F00E215FE /* ComponentExample.swift in Sources */ = {isa = PBXBuildFile; fileRef = 76BD461A2CE10C9F00E215FE /* ComponentExample.swift */; };
		76DFF9302CD7B4F100C373C3 /* LeeSeminSUApp.swift in Sources */ = {isa = PBXBuildFile; fileRef = 76DFF92F2CD7B4F100C373C3 /* LeeSeminSUApp.swift */; };
		76DFF9322CD7B4F100C373C3 /* ContentView.swift in Sources */ = {isa = PBXBuildFile; fileRef = 76DFF9312CD7B4F100C373C3 /* ContentView.swift */; };
		76DFF9342CD7B4F200C373C3 /* Assets.xcassets in Resources */ = {isa = PBXBuildFile; fileRef = 76DFF9332CD7B4F200C373C3 /* Assets.xcassets */; };
		76DFF9372CD7B4F200C373C3 /* Preview Assets.xcassets in Resources */ = {isa = PBXBuildFile; fileRef = 76DFF9362CD7B4F200C373C3 /* Preview Assets.xcassets */; };
		76FC2B712D00ABB600F10EE1 /* GridViewExample.swift in Sources */ = {isa = PBXBuildFile; fileRef = 76FC2B702D00ABB600F10EE1 /* GridViewExample.swift */; };
		76FC2B732D00AC0000F10EE1 /* ScrollViewExample.swift in Sources */ = {isa = PBXBuildFile; fileRef = 76FC2B722D00AC0000F10EE1 /* ScrollViewExample.swift */; };
		76FC2B762D00B3C000F10EE1 /* StateExample.swift in Sources */ = {isa = PBXBuildFile; fileRef = 76FC2B752D00B3C000F10EE1 /* StateExample.swift */; };
		76FC2B792D00B7E300F10EE1 /* BindingExample.swift in Sources */ = {isa = PBXBuildFile; fileRef = 76FC2B782D00B7E300F10EE1 /* BindingExample.swift */; };
		76FC2B7B2D00BA2800F10EE1 /* ObservedObjectExample.swift in Sources */ = {isa = PBXBuildFile; fileRef = 76FC2B7A2D00BA2800F10EE1 /* ObservedObjectExample.swift */; };
		76FC2B7D2D00C0C700F10EE1 /* EnvironmentObjectExample.swift in Sources */ = {isa = PBXBuildFile; fileRef = 76FC2B7C2D00C0C700F10EE1 /* EnvironmentObjectExample.swift */; };
		76FC2B852D00C49900F10EE1 /* FirstNavigationViewExample.swift in Sources */ = {isa = PBXBuildFile; fileRef = 76FC2B842D00C49900F10EE1 /* FirstNavigationViewExample.swift */; };
		76FC2B872D00C4A100F10EE1 /* SecondNavigationViewExample.swift in Sources */ = {isa = PBXBuildFile; fileRef = 76FC2B862D00C4A100F10EE1 /* SecondNavigationViewExample.swift */; };
		76FC2B8A2D00CA4200F10EE1 /* TabViewExample.swift in Sources */ = {isa = PBXBuildFile; fileRef = 76FC2B892D00CA4200F10EE1 /* TabViewExample.swift */; };
		76FC2B8D2D00CC6600F10EE1 /* SheetModifierExample.swift in Sources */ = {isa = PBXBuildFile; fileRef = 76FC2B8C2D00CC6600F10EE1 /* SheetModifierExample.swift */; };
		76FC2B902D00D40D00F10EE1 /* Main.swift in Sources */ = {isa = PBXBuildFile; fileRef = 76FC2B8F2D00D40D00F10EE1 /* Main.swift */; };
/* End PBXBuildFile section */

/* Begin PBXFileReference section */
		769FAB252CE1157A00785E3D /* SpacerPaddingExample.swift */ = {isa = PBXFileReference; lastKnownFileType = sourcecode.swift; path = SpacerPaddingExample.swift; sourceTree = "<group>"; };
		769FAB282CE115B700785E3D /* ModifierExample.swift */ = {isa = PBXFileReference; lastKnownFileType = sourcecode.swift; path = ModifierExample.swift; sourceTree = "<group>"; };
		76BD46102CE103AB00E215FE /* VStackHStackExample.swift */ = {isa = PBXFileReference; lastKnownFileType = sourcecode.swift; path = VStackHStackExample.swift; sourceTree = "<group>"; };
		76BD46122CE103C300E215FE /* ZStackExample.swift */ = {isa = PBXFileReference; lastKnownFileType = sourcecode.swift; path = ZStackExample.swift; sourceTree = "<group>"; };
		76BD461A2CE10C9F00E215FE /* ComponentExample.swift */ = {isa = PBXFileReference; lastKnownFileType = sourcecode.swift; path = ComponentExample.swift; sourceTree = "<group>"; };
		76DFF92C2CD7B4F100C373C3 /* LeeSeminSU.app */ = {isa = PBXFileReference; explicitFileType = wrapper.application; includeInIndex = 0; path = LeeSeminSU.app; sourceTree = BUILT_PRODUCTS_DIR; };
		76DFF92F2CD7B4F100C373C3 /* LeeSeminSUApp.swift */ = {isa = PBXFileReference; lastKnownFileType = sourcecode.swift; path = LeeSeminSUApp.swift; sourceTree = "<group>"; };
		76DFF9312CD7B4F100C373C3 /* ContentView.swift */ = {isa = PBXFileReference; lastKnownFileType = sourcecode.swift; path = ContentView.swift; sourceTree = "<group>"; };
		76DFF9332CD7B4F200C373C3 /* Assets.xcassets */ = {isa = PBXFileReference; lastKnownFileType = folder.assetcatalog; path = Assets.xcassets; sourceTree = "<group>"; };
		76DFF9362CD7B4F200C373C3 /* Preview Assets.xcassets */ = {isa = PBXFileReference; lastKnownFileType = folder.assetcatalog; path = "Preview Assets.xcassets"; sourceTree = "<group>"; };
		76FC2B702D00ABB600F10EE1 /* GridViewExample.swift */ = {isa = PBXFileReference; lastKnownFileType = sourcecode.swift; path = GridViewExample.swift; sourceTree = "<group>"; };
		76FC2B722D00AC0000F10EE1 /* ScrollViewExample.swift */ = {isa = PBXFileReference; lastKnownFileType = sourcecode.swift; path = ScrollViewExample.swift; sourceTree = "<group>"; };
		76FC2B752D00B3C000F10EE1 /* StateExample.swift */ = {isa = PBXFileReference; lastKnownFileType = sourcecode.swift; path = StateExample.swift; sourceTree = "<group>"; };
		76FC2B782D00B7E300F10EE1 /* BindingExample.swift */ = {isa = PBXFileReference; lastKnownFileType = sourcecode.swift; path = BindingExample.swift; sourceTree = "<group>"; };
		76FC2B7A2D00BA2800F10EE1 /* ObservedObjectExample.swift */ = {isa = PBXFileReference; lastKnownFileType = sourcecode.swift; path = ObservedObjectExample.swift; sourceTree = "<group>"; };
		76FC2B7C2D00C0C700F10EE1 /* EnvironmentObjectExample.swift */ = {isa = PBXFileReference; lastKnownFileType = sourcecode.swift; path = EnvironmentObjectExample.swift; sourceTree = "<group>"; };
		76FC2B842D00C49900F10EE1 /* FirstNavigationViewExample.swift */ = {isa = PBXFileReference; lastKnownFileType = sourcecode.swift; path = FirstNavigationViewExample.swift; sourceTree = "<group>"; };
		76FC2B862D00C4A100F10EE1 /* SecondNavigationViewExample.swift */ = {isa = PBXFileReference; lastKnownFileType = sourcecode.swift; path = SecondNavigationViewExample.swift; sourceTree = "<group>"; };
		76FC2B892D00CA4200F10EE1 /* TabViewExample.swift */ = {isa = PBXFileReference; lastKnownFileType = sourcecode.swift; path = TabViewExample.swift; sourceTree = "<group>"; };
		76FC2B8C2D00CC6600F10EE1 /* SheetModifierExample.swift */ = {isa = PBXFileReference; lastKnownFileType = sourcecode.swift; path = SheetModifierExample.swift; sourceTree = "<group>"; };
		76FC2B8F2D00D40D00F10EE1 /* Main.swift */ = {isa = PBXFileReference; lastKnownFileType = sourcecode.swift; path = Main.swift; sourceTree = "<group>"; };
/* End PBXFileReference section */

/* Begin PBXFrameworksBuildPhase section */
		76DFF9292CD7B4F100C373C3 /* Frameworks */ = {
			isa = PBXFrameworksBuildPhase;
			buildActionMask = 2147483647;
			files = (
			);
			runOnlyForDeploymentPostprocessing = 0;
		};
/* End PBXFrameworksBuildPhase section */

/* Begin PBXGroup section */
		769FAB242CE1155700785E3D /* SpacerPadding */ = {
			isa = PBXGroup;
			children = (
				769FAB252CE1157A00785E3D /* SpacerPaddingExample.swift */,
			);
			path = SpacerPadding;
			sourceTree = "<group>";
		};
		769FAB272CE115AE00785E3D /* Modifier */ = {
			isa = PBXGroup;
			children = (
				769FAB282CE115B700785E3D /* ModifierExample.swift */,
			);
			path = Modifier;
			sourceTree = "<group>";
		};
		76BD46192CE10C8300E215FE /* UIComponent */ = {
			isa = PBXGroup;
			children = (
				76BD461A2CE10C9F00E215FE /* ComponentExample.swift */,
			);
			path = UIComponent;
			sourceTree = "<group>";
		};
		76DFF9232CD7B4F100C373C3 = {
			isa = PBXGroup;
			children = (
				76DFF92E2CD7B4F100C373C3 /* LeeSeminSU */,
				76DFF92D2CD7B4F100C373C3 /* Products */,
			);
			sourceTree = "<group>";
		};
		76DFF92D2CD7B4F100C373C3 /* Products */ = {
			isa = PBXGroup;
			children = (
				76DFF92C2CD7B4F100C373C3 /* LeeSeminSU.app */,
			);
			name = Products;
			sourceTree = "<group>";
		};
		76DFF92E2CD7B4F100C373C3 /* LeeSeminSU */ = {
			isa = PBXGroup;
			children = (
				76FC2B8E2D00D3D400F10EE1 /* Week5 - TravelWallet */,
				76FC2B742D00B37D00F10EE1 /* Week4 */,
				76FC2B6F2D00AB7E00F10EE1 /* Week3 */,
				76FC2DD82CE06C37000B329B /* Week2 */,
				76DFF92F2CD7B4F100C373C3 /* LeeSeminSUApp.swift */,
				76DFF9312CD7B4F100C373C3 /* ContentView.swift */,
				76DFF9332CD7B4F200C373C3 /* Assets.xcassets */,
				76DFF9352CD7B4F200C373C3 /* Preview Content */,
			);
			path = LeeSeminSU;
			sourceTree = "<group>";
		};
		76DFF9352CD7B4F200C373C3 /* Preview Content */ = {
			isa = PBXGroup;
			children = (
				76DFF9362CD7B4F200C373C3 /* Preview Assets.xcassets */,
			);
			path = "Preview Content";
			sourceTree = "<group>";
		};
		76FC2B6F2D00AB7E00F10EE1 /* Week3 */ = {
			isa = PBXGroup;
			children = (
				76FC2B702D00ABB600F10EE1 /* GridViewExample.swift */,
				76FC2B722D00AC0000F10EE1 /* ScrollViewExample.swift */,
			);
			path = Week3;
			sourceTree = "<group>";
		};
		76FC2B742D00B37D00F10EE1 /* Week4 */ = {
			isa = PBXGroup;
			children = (
				76FC2B8B2D00CC4D00F10EE1 /* SheetModifier */,
				76FC2B882D00CA2400F10EE1 /* TabView */,
				76FC2B832D00C47B00F10EE1 /* Navigation */,
				76FC2B772D00B7D000F10EE1 /* State */,
			);
			path = Week4;
			sourceTree = "<group>";
		};
		76FC2B772D00B7D000F10EE1 /* State */ = {
			isa = PBXGroup;
			children = (
				76FC2B752D00B3C000F10EE1 /* StateExample.swift */,
				76FC2B782D00B7E300F10EE1 /* BindingExample.swift */,
				76FC2B7A2D00BA2800F10EE1 /* ObservedObjectExample.swift */,
				76FC2B7C2D00C0C700F10EE1 /* EnvironmentObjectExample.swift */,
			);
			path = State;
			sourceTree = "<group>";
		};
		76FC2B832D00C47B00F10EE1 /* Navigation */ = {
			isa = PBXGroup;
			children = (
				76FC2B842D00C49900F10EE1 /* FirstNavigationViewExample.swift */,
				76FC2B862D00C4A100F10EE1 /* SecondNavigationViewExample.swift */,
			);
			path = Navigation;
			sourceTree = "<group>";
		};
		76FC2B882D00CA2400F10EE1 /* TabView */ = {
			isa = PBXGroup;
			children = (
				76FC2B892D00CA4200F10EE1 /* TabViewExample.swift */,
			);
			path = TabView;
			sourceTree = "<group>";
		};
		76FC2B8B2D00CC4D00F10EE1 /* SheetModifier */ = {
			isa = PBXGroup;
			children = (
				76FC2B8C2D00CC6600F10EE1 /* SheetModifierExample.swift */,
			);
			path = SheetModifier;
			sourceTree = "<group>";
		};
		76FC2B8E2D00D3D400F10EE1 /* Week5 - TravelWallet */ = {
			isa = PBXGroup;
			children = (
				76FC2B8F2D00D40D00F10EE1 /* Main.swift */,
			);
			path = "Week5 - TravelWallet";
			sourceTree = "<group>";
		};
		76FC2DD82CE06C37000B329B /* Week2 */ = {
			isa = PBXGroup;
			children = (
				769FAB272CE115AE00785E3D /* Modifier */,
				769FAB242CE1155700785E3D /* SpacerPadding */,
				76BD46192CE10C8300E215FE /* UIComponent */,
				76FC2DD92CE06C4C000B329B /* Stacks */,
			);
			path = Week2;
			sourceTree = "<group>";
		};
		76FC2DD92CE06C4C000B329B /* Stacks */ = {
			isa = PBXGroup;
			children = (
				76BD46102CE103AB00E215FE /* VStackHStackExample.swift */,
				76BD46122CE103C300E215FE /* ZStackExample.swift */,
			);
			path = Stacks;
			sourceTree = "<group>";
		};
/* End PBXGroup section */

/* Begin PBXNativeTarget section */
		76DFF92B2CD7B4F100C373C3 /* LeeSeminSU */ = {
			isa = PBXNativeTarget;
			buildConfigurationList = 76DFF93A2CD7B4F200C373C3 /* Build configuration list for PBXNativeTarget "LeeSeminSU" */;
			buildPhases = (
				76DFF9282CD7B4F100C373C3 /* Sources */,
				76DFF9292CD7B4F100C373C3 /* Frameworks */,
				76DFF92A2CD7B4F100C373C3 /* Resources */,
			);
			buildRules = (
			);
			dependencies = (
			);
			name = LeeSeminSU;
			productName = LeeSeminSU;
			productReference = 76DFF92C2CD7B4F100C373C3 /* LeeSeminSU.app */;
			productType = "com.apple.product-type.application";
		};
/* End PBXNativeTarget section */

/* Begin PBXProject section */
		76DFF9242CD7B4F100C373C3 /* Project object */ = {
			isa = PBXProject;
			attributes = {
				BuildIndependentTargetsInParallel = 1;
				LastSwiftUpdateCheck = 1540;
				LastUpgradeCheck = 1540;
				TargetAttributes = {
					76DFF92B2CD7B4F100C373C3 = {
						CreatedOnToolsVersion = 15.4;
					};
				};
			};
			buildConfigurationList = 76DFF9272CD7B4F100C373C3 /* Build configuration list for PBXProject "LeeSeminSU" */;
			compatibilityVersion = "Xcode 14.0";
			developmentRegion = en;
			hasScannedForEncodings = 0;
			knownRegions = (
				en,
				Base,
			);
			mainGroup = 76DFF9232CD7B4F100C373C3;
			productRefGroup = 76DFF92D2CD7B4F100C373C3 /* Products */;
			projectDirPath = "";
			projectRoot = "";
			targets = (
				76DFF92B2CD7B4F100C373C3 /* LeeSeminSU */,
			);
		};
/* End PBXProject section */

/* Begin PBXResourcesBuildPhase section */
		76DFF92A2CD7B4F100C373C3 /* Resources */ = {
			isa = PBXResourcesBuildPhase;
			buildActionMask = 2147483647;
			files = (
				76DFF9372CD7B4F200C373C3 /* Preview Assets.xcassets in Resources */,
				76DFF9342CD7B4F200C373C3 /* Assets.xcassets in Resources */,
			);
			runOnlyForDeploymentPostprocessing = 0;
		};
/* End PBXResourcesBuildPhase section */

/* Begin PBXSourcesBuildPhase section */
		76DFF9282CD7B4F100C373C3 /* Sources */ = {
			isa = PBXSourcesBuildPhase;
			buildActionMask = 2147483647;
			files = (
				76FC2B902D00D40D00F10EE1 /* Main.swift in Sources */,
				76FC2B852D00C49900F10EE1 /* FirstNavigationViewExample.swift in Sources */,
				76FC2B762D00B3C000F10EE1 /* StateExample.swift in Sources */,
				76FC2B732D00AC0000F10EE1 /* ScrollViewExample.swift in Sources */,
				76DFF9322CD7B4F100C373C3 /* ContentView.swift in Sources */,
				76FC2B7B2D00BA2800F10EE1 /* ObservedObjectExample.swift in Sources */,
				76FC2B792D00B7E300F10EE1 /* BindingExample.swift in Sources */,
				76DFF9302CD7B4F100C373C3 /* LeeSeminSUApp.swift in Sources */,
				769FAB262CE1157A00785E3D /* SpacerPaddingExample.swift in Sources */,
				76FC2B8D2D00CC6600F10EE1 /* SheetModifierExample.swift in Sources */,
				76FC2B7D2D00C0C700F10EE1 /* EnvironmentObjectExample.swift in Sources */,
				769FAB292CE115B700785E3D /* ModifierExample.swift in Sources */,
				76FC2B872D00C4A100F10EE1 /* SecondNavigationViewExample.swift in Sources */,
				76BD461B2CE10C9F00E215FE /* ComponentExample.swift in Sources */,
				76FC2B712D00ABB600F10EE1 /* GridViewExample.swift in Sources */,
				76FC2B8A2D00CA4200F10EE1 /* TabViewExample.swift in Sources */,
				76BD46132CE103C300E215FE /* ZStackExample.swift in Sources */,
				76BD46112CE103AB00E215FE /* VStackHStackExample.swift in Sources */,
			);
			runOnlyForDeploymentPostprocessing = 0;
		};
/* End PBXSourcesBuildPhase section */

/* Begin XCBuildConfiguration section */
		76DFF9382CD7B4F200C373C3 /* Debug */ = {
			isa = XCBuildConfiguration;
			buildSettings = {
				ALWAYS_SEARCH_USER_PATHS = NO;
				ASSETCATALOG_COMPILER_GENERATE_SWIFT_ASSET_SYMBOL_EXTENSIONS = YES;
				CLANG_ANALYZER_NONNULL = YES;
				CLANG_ANALYZER_NUMBER_OBJECT_CONVERSION = YES_AGGRESSIVE;
				CLANG_CXX_LANGUAGE_STANDARD = "gnu++20";
				CLANG_ENABLE_MODULES = YES;
				CLANG_ENABLE_OBJC_ARC = YES;
				CLANG_ENABLE_OBJC_WEAK = YES;
				CLANG_WARN_BLOCK_CAPTURE_AUTORELEASING = YES;
				CLANG_WARN_BOOL_CONVERSION = YES;
				CLANG_WARN_COMMA = YES;
				CLANG_WARN_CONSTANT_CONVERSION = YES;
				CLANG_WARN_DEPRECATED_OBJC_IMPLEMENTATIONS = YES;
				CLANG_WARN_DIRECT_OBJC_ISA_USAGE = YES_ERROR;
				CLANG_WARN_DOCUMENTATION_COMMENTS = YES;
				CLANG_WARN_EMPTY_BODY = YES;
				CLANG_WARN_ENUM_CONVERSION = YES;
				CLANG_WARN_INFINITE_RECURSION = YES;
				CLANG_WARN_INT_CONVERSION = YES;
				CLANG_WARN_NON_LITERAL_NULL_CONVERSION = YES;
				CLANG_WARN_OBJC_IMPLICIT_RETAIN_SELF = YES;
				CLANG_WARN_OBJC_LITERAL_CONVERSION = YES;
				CLANG_WARN_OBJC_ROOT_CLASS = YES_ERROR;
				CLANG_WARN_QUOTED_INCLUDE_IN_FRAMEWORK_HEADER = YES;
				CLANG_WARN_RANGE_LOOP_ANALYSIS = YES;
				CLANG_WARN_STRICT_PROTOTYPES = YES;
				CLANG_WARN_SUSPICIOUS_MOVE = YES;
				CLANG_WARN_UNGUARDED_AVAILABILITY = YES_AGGRESSIVE;
				CLANG_WARN_UNREACHABLE_CODE = YES;
				CLANG_WARN__DUPLICATE_METHOD_MATCH = YES;
				COPY_PHASE_STRIP = NO;
				DEBUG_INFORMATION_FORMAT = dwarf;
				ENABLE_STRICT_OBJC_MSGSEND = YES;
				ENABLE_TESTABILITY = YES;
				ENABLE_USER_SCRIPT_SANDBOXING = YES;
				GCC_C_LANGUAGE_STANDARD = gnu17;
				GCC_DYNAMIC_NO_PIC = NO;
				GCC_NO_COMMON_BLOCKS = YES;
				GCC_OPTIMIZATION_LEVEL = 0;
				GCC_PREPROCESSOR_DEFINITIONS = (
					"DEBUG=1",
					"$(inherited)",
				);
				GCC_WARN_64_TO_32_BIT_CONVERSION = YES;
				GCC_WARN_ABOUT_RETURN_TYPE = YES_ERROR;
				GCC_WARN_UNDECLARED_SELECTOR = YES;
				GCC_WARN_UNINITIALIZED_AUTOS = YES_AGGRESSIVE;
				GCC_WARN_UNUSED_FUNCTION = YES;
				GCC_WARN_UNUSED_VARIABLE = YES;
				IPHONEOS_DEPLOYMENT_TARGET = 17.5;
				LOCALIZATION_PREFERS_STRING_CATALOGS = YES;
				MTL_ENABLE_DEBUG_INFO = INCLUDE_SOURCE;
				MTL_FAST_MATH = YES;
				ONLY_ACTIVE_ARCH = YES;
				SDKROOT = iphoneos;
				SWIFT_ACTIVE_COMPILATION_CONDITIONS = "DEBUG $(inherited)";
				SWIFT_OPTIMIZATION_LEVEL = "-Onone";
			};
			name = Debug;
		};
		76DFF9392CD7B4F200C373C3 /* Release */ = {
			isa = XCBuildConfiguration;
			buildSettings = {
				ALWAYS_SEARCH_USER_PATHS = NO;
				ASSETCATALOG_COMPILER_GENERATE_SWIFT_ASSET_SYMBOL_EXTENSIONS = YES;
				CLANG_ANALYZER_NONNULL = YES;
				CLANG_ANALYZER_NUMBER_OBJECT_CONVERSION = YES_AGGRESSIVE;
				CLANG_CXX_LANGUAGE_STANDARD = "gnu++20";
				CLANG_ENABLE_MODULES = YES;
				CLANG_ENABLE_OBJC_ARC = YES;
				CLANG_ENABLE_OBJC_WEAK = YES;
				CLANG_WARN_BLOCK_CAPTURE_AUTORELEASING = YES;
				CLANG_WARN_BOOL_CONVERSION = YES;
				CLANG_WARN_COMMA = YES;
				CLANG_WARN_CONSTANT_CONVERSION = YES;
				CLANG_WARN_DEPRECATED_OBJC_IMPLEMENTATIONS = YES;
				CLANG_WARN_DIRECT_OBJC_ISA_USAGE = YES_ERROR;
				CLANG_WARN_DOCUMENTATION_COMMENTS = YES;
				CLANG_WARN_EMPTY_BODY = YES;
				CLANG_WARN_ENUM_CONVERSION = YES;
				CLANG_WARN_INFINITE_RECURSION = YES;
				CLANG_WARN_INT_CONVERSION = YES;
				CLANG_WARN_NON_LITERAL_NULL_CONVERSION = YES;
				CLANG_WARN_OBJC_IMPLICIT_RETAIN_SELF = YES;
				CLANG_WARN_OBJC_LITERAL_CONVERSION = YES;
				CLANG_WARN_OBJC_ROOT_CLASS = YES_ERROR;
				CLANG_WARN_QUOTED_INCLUDE_IN_FRAMEWORK_HEADER = YES;
				CLANG_WARN_RANGE_LOOP_ANALYSIS = YES;
				CLANG_WARN_STRICT_PROTOTYPES = YES;
				CLANG_WARN_SUSPICIOUS_MOVE = YES;
				CLANG_WARN_UNGUARDED_AVAILABILITY = YES_AGGRESSIVE;
				CLANG_WARN_UNREACHABLE_CODE = YES;
				CLANG_WARN__DUPLICATE_METHOD_MATCH = YES;
				COPY_PHASE_STRIP = NO;
				DEBUG_INFORMATION_FORMAT = "dwarf-with-dsym";
				ENABLE_NS_ASSERTIONS = NO;
				ENABLE_STRICT_OBJC_MSGSEND = YES;
				ENABLE_USER_SCRIPT_SANDBOXING = YES;
				GCC_C_LANGUAGE_STANDARD = gnu17;
				GCC_NO_COMMON_BLOCKS = YES;
				GCC_WARN_64_TO_32_BIT_CONVERSION = YES;
				GCC_WARN_ABOUT_RETURN_TYPE = YES_ERROR;
				GCC_WARN_UNDECLARED_SELECTOR = YES;
				GCC_WARN_UNINITIALIZED_AUTOS = YES_AGGRESSIVE;
				GCC_WARN_UNUSED_FUNCTION = YES;
				GCC_WARN_UNUSED_VARIABLE = YES;
				IPHONEOS_DEPLOYMENT_TARGET = 17.5;
				LOCALIZATION_PREFERS_STRING_CATALOGS = YES;
				MTL_ENABLE_DEBUG_INFO = NO;
				MTL_FAST_MATH = YES;
				SDKROOT = iphoneos;
				SWIFT_COMPILATION_MODE = wholemodule;
				VALIDATE_PRODUCT = YES;
			};
			name = Release;
		};
		76DFF93B2CD7B4F200C373C3 /* Debug */ = {
			isa = XCBuildConfiguration;
			buildSettings = {
				ASSETCATALOG_COMPILER_APPICON_NAME = AppIcon;
				ASSETCATALOG_COMPILER_GLOBAL_ACCENT_COLOR_NAME = AccentColor;
				CODE_SIGN_STYLE = Automatic;
				CURRENT_PROJECT_VERSION = 1;
				DEVELOPMENT_ASSET_PATHS = "\"LeeSeminSU/Preview Content\"";
				ENABLE_PREVIEWS = YES;
				GENERATE_INFOPLIST_FILE = YES;
				INFOPLIST_KEY_UIApplicationSceneManifest_Generation = YES;
				INFOPLIST_KEY_UIApplicationSupportsIndirectInputEvents = YES;
				INFOPLIST_KEY_UILaunchScreen_Generation = YES;
				INFOPLIST_KEY_UISupportedInterfaceOrientations_iPad = "UIInterfaceOrientationPortrait UIInterfaceOrientationPortraitUpsideDown UIInterfaceOrientationLandscapeLeft UIInterfaceOrientationLandscapeRight";
				INFOPLIST_KEY_UISupportedInterfaceOrientations_iPhone = "UIInterfaceOrientationPortrait UIInterfaceOrientationLandscapeLeft UIInterfaceOrientationLandscapeRight";
				LD_RUNPATH_SEARCH_PATHS = (
					"$(inherited)",
					"@executable_path/Frameworks",
				);
				MARKETING_VERSION = 1.0;
				PRODUCT_BUNDLE_IDENTIFIER = com.semin.LeeSeminSU;
				PRODUCT_NAME = "$(TARGET_NAME)";
				SWIFT_EMIT_LOC_STRINGS = YES;
				SWIFT_VERSION = 5.0;
				TARGETED_DEVICE_FAMILY = "1,2";
			};
			name = Debug;
		};
		76DFF93C2CD7B4F200C373C3 /* Release */ = {
			isa = XCBuildConfiguration;
			buildSettings = {
				ASSETCATALOG_COMPILER_APPICON_NAME = AppIcon;
				ASSETCATALOG_COMPILER_GLOBAL_ACCENT_COLOR_NAME = AccentColor;
				CODE_SIGN_STYLE = Automatic;
				CURRENT_PROJECT_VERSION = 1;
				DEVELOPMENT_ASSET_PATHS = "\"LeeSeminSU/Preview Content\"";
				ENABLE_PREVIEWS = YES;
				GENERATE_INFOPLIST_FILE = YES;
				INFOPLIST_KEY_UIApplicationSceneManifest_Generation = YES;
				INFOPLIST_KEY_UIApplicationSupportsIndirectInputEvents = YES;
				INFOPLIST_KEY_UILaunchScreen_Generation = YES;
				INFOPLIST_KEY_UISupportedInterfaceOrientations_iPad = "UIInterfaceOrientationPortrait UIInterfaceOrientationPortraitUpsideDown UIInterfaceOrientationLandscapeLeft UIInterfaceOrientationLandscapeRight";
				INFOPLIST_KEY_UISupportedInterfaceOrientations_iPhone = "UIInterfaceOrientationPortrait UIInterfaceOrientationLandscapeLeft UIInterfaceOrientationLandscapeRight";
				LD_RUNPATH_SEARCH_PATHS = (
					"$(inherited)",
					"@executable_path/Frameworks",
				);
				MARKETING_VERSION = 1.0;
				PRODUCT_BUNDLE_IDENTIFIER = com.semin.LeeSeminSU;
				PRODUCT_NAME = "$(TARGET_NAME)";
				SWIFT_EMIT_LOC_STRINGS = YES;
				SWIFT_VERSION = 5.0;
				TARGETED_DEVICE_FAMILY = "1,2";
			};
			name = Release;
		};
/* End XCBuildConfiguration section */

/* Begin XCConfigurationList section */
		76DFF9272CD7B4F100C373C3 /* Build configuration list for PBXProject "LeeSeminSU" */ = {
			isa = XCConfigurationList;
			buildConfigurations = (
				76DFF9382CD7B4F200C373C3 /* Debug */,
				76DFF9392CD7B4F200C373C3 /* Release */,
			);
			defaultConfigurationIsVisible = 0;
			defaultConfigurationName = Release;
		};
		76DFF93A2CD7B4F200C373C3 /* Build configuration list for PBXNativeTarget "LeeSeminSU" */ = {
			isa = XCConfigurationList;
			buildConfigurations = (
				76DFF93B2CD7B4F200C373C3 /* Debug */,
				76DFF93C2CD7B4F200C373C3 /* Release */,
			);
			defaultConfigurationIsVisible = 0;
			defaultConfigurationName = Release;
		};
/* End XCConfigurationList section */
	};
	rootObject = 76DFF9242CD7B4F100C373C3 /* Project object */;
}
